
Microsoft Visual Studio Solution File, Format Version 12.00
# Visual Studio Version 16
VisualStudioVersion = 16.0.29613.14
MinimumVisualStudioVersion = 10.0.40219.1
Project("{FAE04EC0-301F-11D3-BF4B-00C04F79EFBC}") = "WebApp", "WebApp\WebApp.csproj", "{EBD81E37-AC7F-4821-97FD-B93BA3BC648B}"
EndProject
Global
	GlobalSection(SolutionConfigurationPlatforms) = preSolution
		Debug|Any CPU = Debug|Any CPU
		Release|Any CPU = Release|Any CPU
	EndGlobalSection
	GlobalSection(ProjectConfigurationPlatforms) = postSolution
		{EBD81E37-AC7F-4821-97FD-B93BA3BC648B}.Debug|Any CPU.ActiveCfg = Debug|Any CPU
		{EBD81E37-AC7F-4821-97FD-B93BA3BC648B}.Debug|Any CPU.Build.0 = Debug|Any CPU
		{EBD81E37-AC7F-4821-97FD-B93BA3BC648B}.Release|Any CPU.ActiveCfg = Release|Any CPU
		{EBD81E37-AC7F-4821-97FD-B93BA3BC648B}.Release|Any CPU.Build.0 = Release|Any CPU
	EndGlobalSection
	GlobalSection(SolutionProperties) = preSolution
		HideSolutionNode = FALSE
	EndGlobalSection
	GlobalSection(ExtensibilityGlobals) = postSolution
		SolutionGuid = {042A87EA-D2D3-43BB-ADF3-39B23E8BB380}
	EndGlobalSection
EndGlobal
